
Microsoft Visual Studio Solution File, Format Version 12.00
# Visual Studio Version 16
VisualStudioVersion = 16.0.29613.14
MinimumVisualStudioVersion = 10.0.40219.1
Project("{FAE04EC0-301F-11D3-BF4B-00C04F79EFBC}") = "CSharpExcercises", "CSharpExcercises\CSharpExcercises.csproj", "{700C0E66-B120-4C01-A97C-5DA4AE6DD0AA}"
EndProject
Global
	GlobalSection(SolutionConfigurationPlatforms) = preSolution
		Debug|Any CPU = Debug|Any CPU
		Release|Any CPU = Release|Any CPU
	EndGlobalSection
	GlobalSection(ProjectConfigurationPlatforms) = postSolution
		{700C0E66-B120-4C01-A97C-5DA4AE6DD0AA}.Debug|Any CPU.ActiveCfg = Debug|Any CPU
		{700C0E66-B120-4C01-A97C-5DA4AE6DD0AA}.Debug|Any CPU.Build.0 = Debug|Any CPU
		{700C0E66-B120-4C01-A97C-5DA4AE6DD0AA}.Release|Any CPU.ActiveCfg = Release|Any CPU
		{700C0E66-B120-4C01-A97C-5DA4AE6DD0AA}.Release|Any CPU.Build.0 = Release|Any CPU
	EndGlobalSection
	GlobalSection(SolutionProperties) = preSolution
		HideSolutionNode = FALSE
	EndGlobalSection
	GlobalSection(ExtensibilityGlobals) = postSolution
		SolutionGuid = {DF70F868-1206-4D81-BE64-A2303A45200F}
	EndGlobalSection
EndGlobal
